
Microsoft Visual Studio Solution File, Format Version 12.00
# Visual Studio Version 17
VisualStudioVersion = 17.9.34723.18
MinimumVisualStudioVersion = 10.0.40219.1
Project("{FAE04EC0-301F-11D3-BF4B-00C04F79EFBC}") = "findmyworkspace", "findmyworkspace.csproj", "{460AC69A-DF6A-4786-9494-829B2C34727A}"
EndProject
Global
	GlobalSection(SolutionConfigurationPlatforms) = preSolution
		Debug|Any CPU = Debug|Any CPU
		Release|Any CPU = Release|Any CPU
	EndGlobalSection
	GlobalSection(ProjectConfigurationPlatforms) = postSolution
		{460AC69A-DF6A-4786-9494-829B2C34727A}.Debug|Any CPU.ActiveCfg = Debug|Any CPU
		{460AC69A-DF6A-4786-9494-829B2C34727A}.Debug|Any CPU.Build.0 = Debug|Any CPU
		{460AC69A-DF6A-4786-9494-829B2C34727A}.Release|Any CPU.ActiveCfg = Release|Any CPU
		{460AC69A-DF6A-4786-9494-829B2C34727A}.Release|Any CPU.Build.0 = Release|Any CPU
	EndGlobalSection
	GlobalSection(SolutionProperties) = preSolution
		HideSolutionNode = FALSE
	EndGlobalSection
	GlobalSection(ExtensibilityGlobals) = postSolution
		SolutionGuid = {4D25DDC2-D6E8-4A16-9B9D-DF1E2188A226}
	EndGlobalSection
EndGlobal
